// !$*UTF8*$!
{
	archiveVersion = 1;
	classes = {
	};
	objectVersion = 46;
	objects = {

/* Begin PBXBuildFile section */
		74E612F41C31D121004F6E4D /* AppDelegate.swift in Sources */ = {isa = PBXBuildFile; fileRef = 74E612F31C31D121004F6E4D /* AppDelegate.swift */; };
		74E612F61C31D121004F6E4D /* ViewController.swift in Sources */ = {isa = PBXBuildFile; fileRef = 74E612F51C31D121004F6E4D /* ViewController.swift */; };
		74E612F91C31D121004F6E4D /* Main.storyboard in Resources */ = {isa = PBXBuildFile; fileRef = 74E612F71C31D121004F6E4D /* Main.storyboard */; };
		74E612FB1C31D121004F6E4D /* Assets.xcassets in Resources */ = {isa = PBXBuildFile; fileRef = 74E612FA1C31D121004F6E4D /* Assets.xcassets */; };
		74E612FE1C31D121004F6E4D /* LaunchScreen.storyboard in Resources */ = {isa = PBXBuildFile; fileRef = 74E612FC1C31D121004F6E4D /* LaunchScreen.storyboard */; };
		74E613091C31D121004F6E4D /* FoodTrackerTests.swift in Sources */ = {isa = PBXBuildFile; fileRef = 74E613081C31D121004F6E4D /* FoodTrackerTests.swift */; };
/* End PBXBuildFile section */

/* Begin PBXContainerItemProxy section */
		74E613051C31D121004F6E4D /* PBXContainerItemProxy */ = {
			isa = PBXContainerItemProxy;
			containerPortal = 74E612E81C31D121004F6E4D /* Project object */;
			proxyType = 1;
			remoteGlobalIDString = 74E612EF1C31D121004F6E4D;
			remoteInfo = FoodTracker;
		};
/* End PBXContainerItemProxy section */

/* Begin PBXFileReference section */
		74E612F01C31D121004F6E4D /* FoodTracker.app */ = {isa = PBXFileReference; explicitFileType = wrapper.application; includeInIndex = 0; path = FoodTracker.app; sourceTree = BUILT_PRODUCTS_DIR; };
		74E612F31C31D121004F6E4D /* AppDelegate.swift */ = {isa = PBXFileReference; lastKnownFileType = sourcecode.swift; path = AppDelegate.swift; sourceTree = "<group>"; };
		74E612F51C31D121004F6E4D /* ViewController.swift */ = {isa = PBXFileReference; lastKnownFileType = sourcecode.swift; path = ViewController.swift; sourceTree = "<group>"; };
		74E612F81C31D121004F6E4D /* Base */ = {isa = PBXFileReference; lastKnownFileType = file.storyboard; name = Base; path = Base.lproj/Main.storyboard; sourceTree = "<group>"; };
		74E612FA1C31D121004F6E4D /* Assets.xcassets */ = {isa = PBXFileReference; lastKnownFileType = folder.assetcatalog; path = Assets.xcassets; sourceTree = "<group>"; };
		74E612FD1C31D121004F6E4D /* Base */ = {isa = PBXFileReference; lastKnownFileType = file.storyboard; name = Base; path = Base.lproj/LaunchScreen.storyboard; sourceTree = "<group>"; };
		74E612FF1C31D121004F6E4D /* Info.plist */ = {isa = PBXFileReference; lastKnownFileType = text.plist.xml; path = Info.plist; sourceTree = "<group>"; };
		74E613041C31D121004F6E4D /* FoodTrackerTests.xctest */ = {isa = PBXFileReference; explicitFileType = wrapper.cfbundle; includeInIndex = 0; path = FoodTrackerTests.xctest; sourceTree = BUILT_PRODUCTS_DIR; };
		74E613081C31D121004F6E4D /* FoodTrackerTests.swift */ = {isa = PBXFileReference; lastKnownFileType = sourcecode.swift; path = FoodTrackerTests.swift; sourceTree = "<group>"; };
		74E6130A1C31D121004F6E4D /* Info.plist */ = {isa = PBXFileReference; lastKnownFileType = text.plist.xml; path = Info.plist; sourceTree = "<group>"; };
/* End PBXFileReference section */

/* Begin PBXFrameworksBuildPhase section */
		74E612ED1C31D121004F6E4D /* Frameworks */ = {
			isa = PBXFrameworksBuildPhase;
			buildActionMask = 2147483647;
			files = (
			);
			runOnlyForDeploymentPostprocessing = 0;
		};
		74E613011C31D121004F6E4D /* Frameworks */ = {
			isa = PBXFrameworksBuildPhase;
			buildActionMask = 2147483647;
			files = (
			);
			runOnlyForDeploymentPostprocessing = 0;
		};
/* End PBXFrameworksBuildPhase section */

/* Begin PBXGroup section */
		74E612E71C31D121004F6E4D = {
			isa = PBXGroup;
			children = (
				74E612F21C31D121004F6E4D /* FoodTracker */,
				74E613071C31D121004F6E4D /* FoodTrackerTests */,
				74E612F11C31D121004F6E4D /* Products */,
			);
			sourceTree = "<group>";
		};
		74E612F11C31D121004F6E4D /* Products */ = {
			isa = PBXGroup;
			children = (
				74E612F01C31D121004F6E4D /* FoodTracker.app */,
				74E613041C31D121004F6E4D /* FoodTrackerTests.xctest */,
			);
			name = Products;
			sourceTree = "<group>";
		};
		74E612F21C31D121004F6E4D /* FoodTracker */ = {
			isa = PBXGroup;
			children = (
				74E612F31C31D121004F6E4D /* AppDelegate.swift */,
				74E612F51C31D121004F6E4D /* ViewController.swift */,
				74E612F71C31D121004F6E4D /* Main.storyboard */,
				74E612FA1C31D121004F6E4D /* Assets.xcassets */,
				74E612FC1C31D121004F6E4D /* LaunchScreen.storyboard */,
				74E612FF1C31D121004F6E4D /* Info.plist */,
			);
			path = FoodTracker;
			sourceTree = "<group>";
		};
		74E613071C31D121004F6E4D /* FoodTrackerTests */ = {
			isa = PBXGroup;
			children = (
				74E613081C31D121004F6E4D /* FoodTrackerTests.swift */,
				74E6130A1C31D121004F6E4D /* Info.plist */,
			);
			path = FoodTrackerTests;
			sourceTree = "<group>";
		};
/* End PBXGroup section */

/* Begin PBXNativeTarget section */
		74E612EF1C31D121004F6E4D /* FoodTracker */ = {
			isa = PBXNativeTarget;
			buildConfigurationList = 74E6130D1C31D121004F6E4D /* Build configuration list for PBXNativeTarget "FoodTracker" */;
			buildPhases = (
				74E612EC1C31D121004F6E4D /* Sources */,
				74E612ED1C31D121004F6E4D /* Frameworks */,
				74E612EE1C31D121004F6E4D /* Resources */,
			);
			buildRules = (
			);
			dependencies = (
			);
			name = FoodTracker;
			productName = FoodTracker;
			productReference = 74E612F01C31D121004F6E4D /* FoodTracker.app */;
			productType = "com.apple.product-type.application";
		};
		74E613031C31D121004F6E4D /* FoodTrackerTests */ = {
			isa = PBXNativeTarget;
			buildConfigurationList = 74E613101C31D121004F6E4D /* Build configuration list for PBXNativeTarget "FoodTrackerTests" */;
			buildPhases = (
				74E613001C31D121004F6E4D /* Sources */,
				74E613011C31D121004F6E4D /* Frameworks */,
				74E613021C31D121004F6E4D /* Resources */,
			);
			buildRules = (
			);
			dependencies = (
				74E613061C31D121004F6E4D /* PBXTargetDependency */,
			);
			name = FoodTrackerTests;
			productName = FoodTrackerTests;
			productReference = 74E613041C31D121004F6E4D /* FoodTrackerTests.xctest */;
			productType = "com.apple.product-type.bundle.unit-test";
		};
/* End PBXNativeTarget section */

/* Begin PBXProject section */
		74E612E81C31D121004F6E4D /* Project object */ = {
			isa = PBXProject;
			attributes = {
				LastSwiftUpdateCheck = 0720;
				LastUpgradeCheck = 0720;
				TargetAttributes = {
					74E612EF1C31D121004F6E4D = {
						CreatedOnToolsVersion = 7.2;
					};
					74E613031C31D121004F6E4D = {
						CreatedOnToolsVersion = 7.2;
						TestTargetID = 74E612EF1C31D121004F6E4D;
					};
				};
			};
			buildConfigurationList = 74E612EB1C31D121004F6E4D /* Build configuration list for PBXProject "FoodTracker" */;
			compatibilityVersion = "Xcode 3.2";
			developmentRegion = English;
			hasScannedForEncodings = 0;
			knownRegions = (
				en,
				Base,
			);
			mainGroup = 74E612E71C31D121004F6E4D;
			productRefGroup = 74E612F11C31D121004F6E4D /* Products */;
			projectDirPath = "";
			projectRoot = "";
			targets = (
				74E612EF1C31D121004F6E4D /* FoodTracker */,
				74E613031C31D121004F6E4D /* FoodTrackerTests */,
			);
		};
/* End PBXProject section */

/* Begin PBXResourcesBuildPhase section */
		74E612EE1C31D121004F6E4D /* Resources */ = {
			isa = PBXResourcesBuildPhase;
			buildActionMask = 2147483647;
			files = (
				74E612FE1C31D121004F6E4D /* LaunchScreen.storyboard in Resources */,
				74E612FB1C31D121004F6E4D /* Assets.xcassets in Resources */,
				74E612F91C31D121004F6E4D /* Main.storyboard in Resources */,
			);
			runOnlyForDeploymentPostprocessing = 0;
		};
		74E613021C31D121004F6E4D /* Resources */ = {
			isa = PBXResourcesBuildPhase;
			buildActionMask = 2147483647;
			files = (
			);
			runOnlyForDeploymentPostprocessing = 0;
		};
/* End PBXResourcesBuildPhase section */

/* Begin PBXSourcesBuildPhase section */
		74E612EC1C31D121004F6E4D /* Sources */ = {
			isa = PBXSourcesBuildPhase;
			buildActionMask = 2147483647;
			files = (
				74E612F61C31D121004F6E4D /* ViewController.swift in Sources */,
				74E612F41C31D121004F6E4D /* AppDelegate.swift in Sources */,
			);
			runOnlyForDeploymentPostprocessing = 0;
		};
		74E613001C31D121004F6E4D /* Sources */ = {
			isa = PBXSourcesBuildPhase;
			buildActionMask = 2147483647;
			files = (
				74E613091C31D121004F6E4D /* FoodTrackerTests.swift in Sources */,
			);
			runOnlyForDeploymentPostprocessing = 0;
		};
/* End PBXSourcesBuildPhase section */

/* Begin PBXTargetDependency section */
		74E613061C31D121004F6E4D /* PBXTargetDependency */ = {
			isa = PBXTargetDependency;
			target = 74E612EF1C31D121004F6E4D /* FoodTracker */;
			targetProxy = 74E613051C31D121004F6E4D /* PBXContainerItemProxy */;
		};
/* End PBXTargetDependency section */

/* Begin PBXVariantGroup section */
		74E612F71C31D121004F6E4D /* Main.storyboard */ = {
			isa = PBXVariantGroup;
			children = (
				74E612F81C31D121004F6E4D /* Base */,
			);
			name = Main.storyboard;
			sourceTree = "<group>";
		};
		74E612FC1C31D121004F6E4D /* LaunchScreen.storyboard */ = {
			isa = PBXVariantGroup;
			children = (
				74E612FD1C31D121004F6E4D /* Base */,
			);
			name = LaunchScreen.storyboard;
			sourceTree = "<group>";
		};
/* End PBXVariantGroup section */

/* Begin XCBuildConfiguration section */
		74E6130B1C31D121004F6E4D /* Debug */ = {
			isa = XCBuildConfiguration;
			buildSettings = {
				ALWAYS_SEARCH_USER_PATHS = NO;
				CLANG_CXX_LANGUAGE_STANDARD = "gnu++0x";
				CLANG_CXX_LIBRARY = "libc++";
				CLANG_ENABLE_MODULES = YES;
				CLANG_ENABLE_OBJC_ARC = YES;
				CLANG_WARN_BOOL_CONVERSION = YES;
				CLANG_WARN_CONSTANT_CONVERSION = YES;
				CLANG_WARN_DIRECT_OBJC_ISA_USAGE = YES_ERROR;
				CLANG_WARN_EMPTY_BODY = YES;
				CLANG_WARN_ENUM_CONVERSION = YES;
				CLANG_WARN_INT_CONVERSION = YES;
				CLANG_WARN_OBJC_ROOT_CLASS = YES_ERROR;
				CLANG_WARN_UNREACHABLE_CODE = YES;
				CLANG_WARN__DUPLICATE_METHOD_MATCH = YES;
				"CODE_SIGN_IDENTITY[sdk=iphoneos*]" = "iPhone Developer";
				COPY_PHASE_STRIP = NO;
				DEBUG_INFORMATION_FORMAT = dwarf;
				ENABLE_STRICT_OBJC_MSGSEND = YES;
				ENABLE_TESTABILITY = YES;
				GCC_C_LANGUAGE_STANDARD = gnu99;
				GCC_DYNAMIC_NO_PIC = NO;
				GCC_NO_COMMON_BLOCKS = YES;
				GCC_OPTIMIZATION_LEVEL = 0;
				GCC_PREPROCESSOR_DEFINITIONS = (
					"DEBUG=1",
					"$(inherited)",
				);
				GCC_WARN_64_TO_32_BIT_CONVERSION = YES;
				GCC_WARN_ABOUT_RETURN_TYPE = YES_ERROR;
				GCC_WARN_UNDECLARED_SELECTOR = YES;
				GCC_WARN_UNINITIALIZED_AUTOS = YES_AGGRESSIVE;
				GCC_WARN_UNUSED_FUNCTION = YES;
				GCC_WARN_UNUSED_VARIABLE = YES;
				IPHONEOS_DEPLOYMENT_TARGET = 9.2;
				MTL_ENABLE_DEBUG_INFO = YES;
				ONLY_ACTIVE_ARCH = YES;
				SDKROOT = iphoneos;
				SWIFT_OPTIMIZATION_LEVEL = "-Onone";
				TARGETED_DEVICE_FAMILY = "1,2";
			};
			name = Debug;
		};
		74E6130C1C31D121004F6E4D /* Release */ = {
			isa = XCBuildConfiguration;
			buildSettings = {
				ALWAYS_SEARCH_USER_PATHS = NO;
				CLANG_CXX_LANGUAGE_STANDARD = "gnu++0x";
				CLANG_CXX_LIBRARY = "libc++";
				CLANG_ENABLE_MODULES = YES;
				CLANG_ENABLE_OBJC_ARC = YES;
				CLANG_WARN_BOOL_CONVERSION = YES;
				CLANG_WARN_CONSTANT_CONVERSION = YES;
				CLANG_WARN_DIRECT_OBJC_ISA_USAGE = YES_ERROR;
				CLANG_WARN_EMPTY_BODY = YES;
				CLANG_WARN_ENUM_CONVERSION = YES;
				CLANG_WARN_INT_CONVERSION = YES;
				CLANG_WARN_OBJC_ROOT_CLASS = YES_ERROR;
				CLANG_WARN_UNREACHABLE_CODE = YES;
				CLANG_WARN__DUPLICATE_METHOD_MATCH = YES;
				"CODE_SIGN_IDENTITY[sdk=iphoneos*]" = "iPhone Developer";
				COPY_PHASE_STRIP = NO;
				DEBUG_INFORMATION_FORMAT = "dwarf-with-dsym";
				ENABLE_NS_ASSERTIONS = NO;
				ENABLE_STRICT_OBJC_MSGSEND = YES;
				GCC_C_LANGUAGE_STANDARD = gnu99;
				GCC_NO_COMMON_BLOCKS = YES;
				GCC_WARN_64_TO_32_BIT_CONVERSION = YES;
				GCC_WARN_ABOUT_RETURN_TYPE = YES_ERROR;
				GCC_WARN_UNDECLARED_SELECTOR = YES;
				GCC_WARN_UNINITIALIZED_AUTOS = YES_AGGRESSIVE;
				GCC_WARN_UNUSED_FUNCTION = YES;
				GCC_WARN_UNUSED_VARIABLE = YES;
				IPHONEOS_DEPLOYMENT_TARGET = 9.2;
				MTL_ENABLE_DEBUG_INFO = NO;
				SDKROOT = iphoneos;
				TARGETED_DEVICE_FAMILY = "1,2";
				VALIDATE_PRODUCT = YES;
			};
			name = Release;
		};
		74E6130E1C31D121004F6E4D /* Debug */ = {
			isa = XCBuildConfiguration;
			buildSettings = {
				ASSETCATALOG_COMPILER_APPICON_NAME = AppIcon;
				INFOPLIST_FILE = FoodTracker/Info.plist;
				LD_RUNPATH_SEARCH_PATHS = "$(inherited) @executable_path/Frameworks";
				PRODUCT_BUNDLE_IDENTIFIER = arveknudsen.FoodTracker;
				PRODUCT_NAME = "$(TARGET_NAME)";
			};
			name = Debug;
		};
		74E6130F1C31D121004F6E4D /* Release */ = {
			isa = XCBuildConfiguration;
			buildSettings = {
				ASSETCATALOG_COMPILER_APPICON_NAME = AppIcon;
				INFOPLIST_FILE = FoodTracker/Info.plist;
				LD_RUNPATH_SEARCH_PATHS = "$(inherited) @executable_path/Frameworks";
				PRODUCT_BUNDLE_IDENTIFIER = arveknudsen.FoodTracker;
				PRODUCT_NAME = "$(TARGET_NAME)";
			};
			name = Release;
		};
		74E613111C31D121004F6E4D /* Debug */ = {
			isa = XCBuildConfiguration;
			buildSettings = {
				BUNDLE_LOADER = "$(TEST_HOST)";
				INFOPLIST_FILE = FoodTrackerTests/Info.plist;
				LD_RUNPATH_SEARCH_PATHS = "$(inherited) @executable_path/Frameworks @loader_path/Frameworks";
				PRODUCT_BUNDLE_IDENTIFIER = arveknudsen.FoodTrackerTests;
				PRODUCT_NAME = "$(TARGET_NAME)";
				TEST_HOST = "$(BUILT_PRODUCTS_DIR)/FoodTracker.app/FoodTracker";
			};
			name = Debug;
		};
		74E613121C31D121004F6E4D /* Release */ = {
			isa = XCBuildConfiguration;
			buildSettings = {
				BUNDLE_LOADER = "$(TEST_HOST)";
				INFOPLIST_FILE = FoodTrackerTests/Info.plist;
				LD_RUNPATH_SEARCH_PATHS = "$(inherited) @executable_path/Frameworks @loader_path/Frameworks";
				PRODUCT_BUNDLE_IDENTIFIER = arveknudsen.FoodTrackerTests;
				PRODUCT_NAME = "$(TARGET_NAME)";
				TEST_HOST = "$(BUILT_PRODUCTS_DIR)/FoodTracker.app/FoodTracker";
			};
			name = Release;
		};
/* End XCBuildConfiguration section */

/* Begin XCConfigurationList section */
		74E612EB1C31D121004F6E4D /* Build configuration list for PBXProject "FoodTracker" */ = {
			isa = XCConfigurationList;
			buildConfigurations = (
				74E6130B1C31D121004F6E4D /* Debug */,
				74E6130C1C31D121004F6E4D /* Release */,
			);
			defaultConfigurationIsVisible = 0;
			defaultConfigurationName = Release;
		};
		74E6130D1C31D121004F6E4D /* Build configuration list for PBXNativeTarget "FoodTracker" */ = {
			isa = XCConfigurationList;
			buildConfigurations = (
				74E6130E1C31D121004F6E4D /* Debug */,
				74E6130F1C31D121004F6E4D /* Release */,
			);
			defaultConfigurationIsVisible = 0;
		};
		74E613101C31D121004F6E4D /* Build configuration list for PBXNativeTarget "FoodTrackerTests" */ = {
			isa = XCConfigurationList;
			buildConfigurations = (
				74E613111C31D121004F6E4D /* Debug */,
				74E613121C31D121004F6E4D /* Release */,
			);
			defaultConfigurationIsVisible = 0;
		};
/* End XCConfigurationList section */
	};
	rootObject = 74E612E81C31D121004F6E4D /* Project object */;
}
